
Microsoft Visual Studio Solution File, Format Version 12.00
# Visual Studio Version 17
VisualStudioVersion = 17.14.36327.8 d17.14
MinimumVisualStudioVersion = 10.0.40219.1
Project("{54A90642-561A-4BB1-A94E-469ADEE60C69}") = "thingconnect.pulse.client", "thingconnect.pulse.client\thingconnect.pulse.client.esproj", "{AA93BDEA-1ED7-C607-F934-CDBCF463D04E}"
EndProject
Project("{FAE04EC0-301F-11D3-BF4B-00C04F79EFBC}") = "ThingConnect.Pulse.Server", "ThingConnect.Pulse.Server\ThingConnect.Pulse.Server.csproj", "{A5AEA2C7-92EC-435D-8464-0D42A0D69D37}"
EndProject
Global
	GlobalSection(SolutionConfigurationPlatforms) = preSolution
		Debug|Any CPU = Debug|Any CPU
		Release|Any CPU = Release|Any CPU
	EndGlobalSection
	GlobalSection(ProjectConfigurationPlatforms) = postSolution
		{AA93BDEA-1ED7-C607-F934-CDBCF463D04E}.Debug|Any CPU.ActiveCfg = Debug|Any CPU
		{AA93BDEA-1ED7-C607-F934-CDBCF463D04E}.Debug|Any CPU.Build.0 = Debug|Any CPU
		{AA93BDEA-1ED7-C607-F934-CDBCF463D04E}.Debug|Any CPU.Deploy.0 = Debug|Any CPU
		{AA93BDEA-1ED7-C607-F934-CDBCF463D04E}.Release|Any CPU.ActiveCfg = Release|Any CPU
		{AA93BDEA-1ED7-C607-F934-CDBCF463D04E}.Release|Any CPU.Build.0 = Release|Any CPU
		{AA93BDEA-1ED7-C607-F934-CDBCF463D04E}.Release|Any CPU.Deploy.0 = Release|Any CPU
		{A5AEA2C7-92EC-435D-8464-0D42A0D69D37}.Debug|Any CPU.ActiveCfg = Debug|Any CPU
		{A5AEA2C7-92EC-435D-8464-0D42A0D69D37}.Debug|Any CPU.Build.0 = Debug|Any CPU
		{A5AEA2C7-92EC-435D-8464-0D42A0D69D37}.Release|Any CPU.ActiveCfg = Release|Any CPU
		{A5AEA2C7-92EC-435D-8464-0D42A0D69D37}.Release|Any CPU.Build.0 = Release|Any CPU
	EndGlobalSection
	GlobalSection(SolutionProperties) = preSolution
		HideSolutionNode = FALSE
	EndGlobalSection
	GlobalSection(ExtensibilityGlobals) = postSolution
		SolutionGuid = {6C3B117E-97F5-4DBA-9A30-F92B7A6F18DD}
	EndGlobalSection
EndGlobal
